
Microsoft Visual Studio Solution File, Format Version 12.00
# Visual Studio Version 16
VisualStudioVersion = 25.0.1704.3
MinimumVisualStudioVersion = 10.0.40219.1
Project("{FAE04EC0-301F-11D3-BF4B-00C04F79EFBC}") = "TicTacToe", "TicTacToe\TicTacToe.csproj", "{04CD6EED-237E-4C32-A112-094A63480696}"
EndProject
Global
	GlobalSection(SolutionConfigurationPlatforms) = preSolution
		Debug|Any CPU = Debug|Any CPU
		Release|Any CPU = Release|Any CPU
	EndGlobalSection
	GlobalSection(ProjectConfigurationPlatforms) = postSolution
		{04CD6EED-237E-4C32-A112-094A63480696}.Debug|Any CPU.ActiveCfg = Debug|Any CPU
		{04CD6EED-237E-4C32-A112-094A63480696}.Debug|Any CPU.Build.0 = Debug|Any CPU
		{04CD6EED-237E-4C32-A112-094A63480696}.Release|Any CPU.ActiveCfg = Release|Any CPU
		{04CD6EED-237E-4C32-A112-094A63480696}.Release|Any CPU.Build.0 = Release|Any CPU
	EndGlobalSection
	GlobalSection(SolutionProperties) = preSolution
		HideSolutionNode = FALSE
	EndGlobalSection
	GlobalSection(ExtensibilityGlobals) = postSolution
		SolutionGuid = {D569F557-DA9B-4115-BD56-66076A1CFB68}
	EndGlobalSection
EndGlobal
